
Microsoft Visual Studio Solution File, Format Version 12.00
# Visual Studio Version 18
VisualStudioVersion = 18.4.11519.219
MinimumVisualStudioVersion = 10.0.40219.1
Project("{9A19103F-16F7-4668-BE54-9A1E7A4F7556}") = "CHIFA.Pro", "CHIFA Pro\CHIFA.Pro.csproj", "{9A14F8AB-331B-44EE-8B42-1C677E8FD4D0}"
EndProject
Project("{9A19103F-16F7-4668-BE54-9A1E7A4F7556}") = "CHIFA.DAL", "CHIFA.DAL\CHIFA.DAL.csproj", "{A105BC57-9D84-49FE-A470-13E35C60D725}"
EndProject
Project("{2150E333-8FDC-42A3-9474-1A3956D46DE8}") = "Solution Items", "Solution Items", "{0A7CD333-3BB9-4F3C-8B9F-0C261300430A}"
	ProjectSection(SolutionItems) = preProject
		.editorconfig = .editorconfig
		AGENTS.md = AGENTS.md
		AUDIT_PLAN_ERRORS_PERFORMANCE_TRYCATCH.md = AUDIT_PLAN_ERRORS_PERFORMANCE_TRYCATCH.md
		azure-pipelines-2.yml = azure-pipelines-2.yml
		CHIFA.Pro.Velopack.yml = CHIFA.Pro.Velopack.yml
		CHIFA.Server.yml = CHIFA.Server.yml
		Directory.Build.props = Directory.Build.props
		publish-local.bat = publish-local.bat
		publish.bat = publish.bat
		README.md = README.md
		results.txt = results.txt
		Review_Report.md = Review_Report.md
	EndProjectSection
EndProject
Project("{FAE04EC0-301F-11D3-BF4B-00C04F79EFBC}") = "CHIFA.Contract", "CHIFA.Contract\CHIFA.Contract.csproj", "{5293447B-C54E-4DD2-A1EE-C8BE9D0A4330}"
EndProject
Project("{FAE04EC0-301F-11D3-BF4B-00C04F79EFBC}") = "CHIFA.Server", "CHIFA.Server\CHIFA.Server.csproj", "{49939655-B005-4A67-820B-4A6E68DDA503}"
EndProject
Global
	GlobalSection(SolutionConfigurationPlatforms) = preSolution
		Debug|Any CPU = Debug|Any CPU
		Debug|ARM = Debug|ARM
		Debug|ARM64 = Debug|ARM64
		Debug|x64 = Debug|x64
		Debug|x86 = Debug|x86
		Release|Any CPU = Release|Any CPU
		Release|ARM = Release|ARM
		Release|ARM64 = Release|ARM64
		Release|x64 = Release|x64
		Release|x86 = Release|x86
		TestFolder|Any CPU = TestFolder|Any CPU
		TestFolder|ARM = TestFolder|ARM
		TestFolder|ARM64 = TestFolder|ARM64
		TestFolder|x64 = TestFolder|x64
		TestFolder|x86 = TestFolder|x86
	EndGlobalSection
	GlobalSection(ProjectConfigurationPlatforms) = postSolution
		{9A14F8AB-331B-44EE-8B42-1C677E8FD4D0}.Debug|Any CPU.ActiveCfg = Debug|Any CPU
		{9A14F8AB-331B-44EE-8B42-1C677E8FD4D0}.Debug|Any CPU.Build.0 = Debug|Any CPU
		{9A14F8AB-331B-44EE-8B42-1C677E8FD4D0}.Debug|ARM.ActiveCfg = Debug|Any CPU
		{9A14F8AB-331B-44EE-8B42-1C677E8FD4D0}.Debug|ARM.Build.0 = Debug|Any CPU
		{9A14F8AB-331B-44EE-8B42-1C677E8FD4D0}.Debug|ARM64.ActiveCfg = Debug|Any CPU
		{9A14F8AB-331B-44EE-8B42-1C677E8FD4D0}.Debug|ARM64.Build.0 = Debug|Any CPU
		{9A14F8AB-331B-44EE-8B42-1C677E8FD4D0}.Debug|x64.ActiveCfg = Debug|Any CPU
		{9A14F8AB-331B-44EE-8B42-1C677E8FD4D0}.Debug|x64.Build.0 = Debug|Any CPU
		{9A14F8AB-331B-44EE-8B42-1C677E8FD4D0}.Debug|x86.ActiveCfg = Debug|Any CPU
		{9A14F8AB-331B-44EE-8B42-1C677E8FD4D0}.Debug|x86.Build.0 = Debug|Any CPU
		{9A14F8AB-331B-44EE-8B42-1C677E8FD4D0}.Release|Any CPU.ActiveCfg = Release|Any CPU
		{9A14F8AB-331B-44EE-8B42-1C677E8FD4D0}.Release|Any CPU.Build.0 = Release|Any CPU
		{9A14F8AB-331B-44EE-8B42-1C677E8FD4D0}.Release|ARM.ActiveCfg = Release|Any CPU
		{9A14F8AB-331B-44EE-8B42-1C677E8FD4D0}.Release|ARM.Build.0 = Release|Any CPU
		{9A14F8AB-331B-44EE-8B42-1C677E8FD4D0}.Release|ARM64.ActiveCfg = Release|Any CPU
		{9A14F8AB-331B-44EE-8B42-1C677E8FD4D0}.Release|ARM64.Build.0 = Release|Any CPU
		{9A14F8AB-331B-44EE-8B42-1C677E8FD4D0}.Release|x64.ActiveCfg = Release|Any CPU
		{9A14F8AB-331B-44EE-8B42-1C677E8FD4D0}.Release|x64.Build.0 = Release|Any CPU
		{9A14F8AB-331B-44EE-8B42-1C677E8FD4D0}.Release|x86.ActiveCfg = Release|Any CPU
		{9A14F8AB-331B-44EE-8B42-1C677E8FD4D0}.Release|x86.Build.0 = Release|Any CPU
		{9A14F8AB-331B-44EE-8B42-1C677E8FD4D0}.TestFolder|Any CPU.ActiveCfg = Release|Any CPU
		{9A14F8AB-331B-44EE-8B42-1C677E8FD4D0}.TestFolder|Any CPU.Build.0 = Release|Any CPU
		{9A14F8AB-331B-44EE-8B42-1C677E8FD4D0}.TestFolder|ARM.ActiveCfg = Release|Any CPU
		{9A14F8AB-331B-44EE-8B42-1C677E8FD4D0}.TestFolder|ARM.Build.0 = Release|Any CPU
		{9A14F8AB-331B-44EE-8B42-1C677E8FD4D0}.TestFolder|ARM64.ActiveCfg = Release|Any CPU
		{9A14F8AB-331B-44EE-8B42-1C677E8FD4D0}.TestFolder|ARM64.Build.0 = Release|Any CPU
		{9A14F8AB-331B-44EE-8B42-1C677E8FD4D0}.TestFolder|x64.ActiveCfg = Release|Any CPU
		{9A14F8AB-331B-44EE-8B42-1C677E8FD4D0}.TestFolder|x64.Build.0 = Release|Any CPU
		{9A14F8AB-331B-44EE-8B42-1C677E8FD4D0}.TestFolder|x86.ActiveCfg = Release|Any CPU
		{9A14F8AB-331B-44EE-8B42-1C677E8FD4D0}.TestFolder|x86.Build.0 = Release|Any CPU
		{A105BC57-9D84-49FE-A470-13E35C60D725}.Debug|Any CPU.ActiveCfg = Debug|Any CPU
		{A105BC57-9D84-49FE-A470-13E35C60D725}.Debug|Any CPU.Build.0 = Debug|Any CPU
		{A105BC57-9D84-49FE-A470-13E35C60D725}.Debug|ARM.ActiveCfg = Debug|Any CPU
		{A105BC57-9D84-49FE-A470-13E35C60D725}.Debug|ARM.Build.0 = Debug|Any CPU
		{A105BC57-9D84-49FE-A470-13E35C60D725}.Debug|ARM64.ActiveCfg = Debug|Any CPU
		{A105BC57-9D84-49FE-A470-13E35C60D725}.Debug|ARM64.Build.0 = Debug|Any CPU
		{A105BC57-9D84-49FE-A470-13E35C60D725}.Debug|x64.ActiveCfg = Debug|Any CPU
		{A105BC57-9D84-49FE-A470-13E35C60D725}.Debug|x64.Build.0 = Debug|Any CPU
		{A105BC57-9D84-49FE-A470-13E35C60D725}.Debug|x86.ActiveCfg = Debug|Any CPU
		{A105BC57-9D84-49FE-A470-13E35C60D725}.Debug|x86.Build.0 = Debug|Any CPU
		{A105BC57-9D84-49FE-A470-13E35C60D725}.Release|Any CPU.ActiveCfg = Release|Any CPU
		{A105BC57-9D84-49FE-A470-13E35C60D725}.Release|Any CPU.Build.0 = Release|Any CPU
		{A105BC57-9D84-49FE-A470-13E35C60D725}.Release|ARM.ActiveCfg = Release|Any CPU
		{A105BC57-9D84-49FE-A470-13E35C60D725}.Release|ARM.Build.0 = Release|Any CPU
		{A105BC57-9D84-49FE-A470-13E35C60D725}.Release|ARM64.ActiveCfg = Release|Any CPU
		{A105BC57-9D84-49FE-A470-13E35C60D725}.Release|ARM64.Build.0 = Release|Any CPU
		{A105BC57-9D84-49FE-A470-13E35C60D725}.Release|x64.ActiveCfg = Release|Any CPU
		{A105BC57-9D84-49FE-A470-13E35C60D725}.Release|x64.Build.0 = Release|Any CPU
		{A105BC57-9D84-49FE-A470-13E35C60D725}.Release|x86.ActiveCfg = Release|Any CPU
		{A105BC57-9D84-49FE-A470-13E35C60D725}.Release|x86.Build.0 = Release|Any CPU
		{A105BC57-9D84-49FE-A470-13E35C60D725}.TestFolder|Any CPU.ActiveCfg = Debug|Any CPU
		{A105BC57-9D84-49FE-A470-13E35C60D725}.TestFolder|Any CPU.Build.0 = Debug|Any CPU
		{A105BC57-9D84-49FE-A470-13E35C60D725}.TestFolder|ARM.ActiveCfg = Release|Any CPU
		{A105BC57-9D84-49FE-A470-13E35C60D725}.TestFolder|ARM.Build.0 = Release|Any CPU
		{A105BC57-9D84-49FE-A470-13E35C60D725}.TestFolder|ARM64.ActiveCfg = Release|Any CPU
		{A105BC57-9D84-49FE-A470-13E35C60D725}.TestFolder|ARM64.Build.0 = Release|Any CPU
		{A105BC57-9D84-49FE-A470-13E35C60D725}.TestFolder|x64.ActiveCfg = Release|Any CPU
		{A105BC57-9D84-49FE-A470-13E35C60D725}.TestFolder|x64.Build.0 = Release|Any CPU
		{A105BC57-9D84-49FE-A470-13E35C60D725}.TestFolder|x86.ActiveCfg = Release|Any CPU
		{A105BC57-9D84-49FE-A470-13E35C60D725}.TestFolder|x86.Build.0 = Release|Any CPU
		{5293447B-C54E-4DD2-A1EE-C8BE9D0A4330}.Debug|Any CPU.ActiveCfg = Debug|Any CPU
		{5293447B-C54E-4DD2-A1EE-C8BE9D0A4330}.Debug|Any CPU.Build.0 = Debug|Any CPU
		{5293447B-C54E-4DD2-A1EE-C8BE9D0A4330}.Debug|ARM.ActiveCfg = Debug|Any CPU
		{5293447B-C54E-4DD2-A1EE-C8BE9D0A4330}.Debug|ARM.Build.0 = Debug|Any CPU
		{5293447B-C54E-4DD2-A1EE-C8BE9D0A4330}.Debug|ARM64.ActiveCfg = Debug|Any CPU
		{5293447B-C54E-4DD2-A1EE-C8BE9D0A4330}.Debug|ARM64.Build.0 = Debug|Any CPU
		{5293447B-C54E-4DD2-A1EE-C8BE9D0A4330}.Debug|x64.ActiveCfg = Debug|Any CPU
		{5293447B-C54E-4DD2-A1EE-C8BE9D0A4330}.Debug|x64.Build.0 = Debug|Any CPU
		{5293447B-C54E-4DD2-A1EE-C8BE9D0A4330}.Debug|x86.ActiveCfg = Debug|Any CPU
		{5293447B-C54E-4DD2-A1EE-C8BE9D0A4330}.Debug|x86.Build.0 = Debug|Any CPU
		{5293447B-C54E-4DD2-A1EE-C8BE9D0A4330}.Release|Any CPU.ActiveCfg = Release|Any CPU
		{5293447B-C54E-4DD2-A1EE-C8BE9D0A4330}.Release|Any CPU.Build.0 = Release|Any CPU
		{5293447B-C54E-4DD2-A1EE-C8BE9D0A4330}.Release|ARM.ActiveCfg = Release|Any CPU
		{5293447B-C54E-4DD2-A1EE-C8BE9D0A4330}.Release|ARM.Build.0 = Release|Any CPU
		{5293447B-C54E-4DD2-A1EE-C8BE9D0A4330}.Release|ARM64.ActiveCfg = Release|Any CPU
		{5293447B-C54E-4DD2-A1EE-C8BE9D0A4330}.Release|ARM64.Build.0 = Release|Any CPU
		{5293447B-C54E-4DD2-A1EE-C8BE9D0A4330}.Release|x64.ActiveCfg = Release|Any CPU
		{5293447B-C54E-4DD2-A1EE-C8BE9D0A4330}.Release|x64.Build.0 = Release|Any CPU
		{5293447B-C54E-4DD2-A1EE-C8BE9D0A4330}.Release|x86.ActiveCfg = Release|Any CPU
		{5293447B-C54E-4DD2-A1EE-C8BE9D0A4330}.Release|x86.Build.0 = Release|Any CPU
		{5293447B-C54E-4DD2-A1EE-C8BE9D0A4330}.TestFolder|Any CPU.ActiveCfg = Debug|Any CPU
		{5293447B-C54E-4DD2-A1EE-C8BE9D0A4330}.TestFolder|Any CPU.Build.0 = Debug|Any CPU
		{5293447B-C54E-4DD2-A1EE-C8BE9D0A4330}.TestFolder|ARM.ActiveCfg = Debug|Any CPU
		{5293447B-C54E-4DD2-A1EE-C8BE9D0A4330}.TestFolder|ARM.Build.0 = Debug|Any CPU
		{5293447B-C54E-4DD2-A1EE-C8BE9D0A4330}.TestFolder|ARM64.ActiveCfg = Debug|Any CPU
		{5293447B-C54E-4DD2-A1EE-C8BE9D0A4330}.TestFolder|ARM64.Build.0 = Debug|Any CPU
		{5293447B-C54E-4DD2-A1EE-C8BE9D0A4330}.TestFolder|x64.ActiveCfg = Debug|Any CPU
		{5293447B-C54E-4DD2-A1EE-C8BE9D0A4330}.TestFolder|x64.Build.0 = Debug|Any CPU
		{5293447B-C54E-4DD2-A1EE-C8BE9D0A4330}.TestFolder|x86.ActiveCfg = Debug|Any CPU
		{5293447B-C54E-4DD2-A1EE-C8BE9D0A4330}.TestFolder|x86.Build.0 = Debug|Any CPU
		{49939655-B005-4A67-820B-4A6E68DDA503}.Debug|Any CPU.ActiveCfg = Debug|Any CPU
		{49939655-B005-4A67-820B-4A6E68DDA503}.Debug|Any CPU.Build.0 = Debug|Any CPU
		{49939655-B005-4A67-820B-4A6E68DDA503}.Debug|ARM.ActiveCfg = Debug|Any CPU
		{49939655-B005-4A67-820B-4A6E68DDA503}.Debug|ARM.Build.0 = Debug|Any CPU
		{49939655-B005-4A67-820B-4A6E68DDA503}.Debug|ARM64.ActiveCfg = Debug|Any CPU
		{49939655-B005-4A67-820B-4A6E68DDA503}.Debug|ARM64.Build.0 = Debug|Any CPU
		{49939655-B005-4A67-820B-4A6E68DDA503}.Debug|x64.ActiveCfg = Debug|Any CPU
		{49939655-B005-4A67-820B-4A6E68DDA503}.Debug|x64.Build.0 = Debug|Any CPU
		{49939655-B005-4A67-820B-4A6E68DDA503}.Debug|x86.ActiveCfg = Debug|Any CPU
		{49939655-B005-4A67-820B-4A6E68DDA503}.Debug|x86.Build.0 = Debug|Any CPU
		{49939655-B005-4A67-820B-4A6E68DDA503}.Release|Any CPU.ActiveCfg = Release|Any CPU
		{49939655-B005-4A67-820B-4A6E68DDA503}.Release|Any CPU.Build.0 = Release|Any CPU
		{49939655-B005-4A67-820B-4A6E68DDA503}.Release|ARM.ActiveCfg = Release|Any CPU
		{49939655-B005-4A67-820B-4A6E68DDA503}.Release|ARM.Build.0 = Release|Any CPU
		{49939655-B005-4A67-820B-4A6E68DDA503}.Release|ARM64.ActiveCfg = Release|Any CPU
		{49939655-B005-4A67-820B-4A6E68DDA503}.Release|ARM64.Build.0 = Release|Any CPU
		{49939655-B005-4A67-820B-4A6E68DDA503}.Release|x64.ActiveCfg = Release|Any CPU
		{49939655-B005-4A67-820B-4A6E68DDA503}.Release|x64.Build.0 = Release|Any CPU
		{49939655-B005-4A67-820B-4A6E68DDA503}.Release|x86.ActiveCfg = Release|Any CPU
		{49939655-B005-4A67-820B-4A6E68DDA503}.Release|x86.Build.0 = Release|Any CPU
		{49939655-B005-4A67-820B-4A6E68DDA503}.TestFolder|Any CPU.ActiveCfg = Debug|Any CPU
		{49939655-B005-4A67-820B-4A6E68DDA503}.TestFolder|Any CPU.Build.0 = Debug|Any CPU
		{49939655-B005-4A67-820B-4A6E68DDA503}.TestFolder|ARM.ActiveCfg = Debug|Any CPU
		{49939655-B005-4A67-820B-4A6E68DDA503}.TestFolder|ARM.Build.0 = Debug|Any CPU
		{49939655-B005-4A67-820B-4A6E68DDA503}.TestFolder|ARM64.ActiveCfg = Debug|Any CPU
		{49939655-B005-4A67-820B-4A6E68DDA503}.TestFolder|ARM64.Build.0 = Debug|Any CPU
		{49939655-B005-4A67-820B-4A6E68DDA503}.TestFolder|x64.ActiveCfg = Debug|Any CPU
		{49939655-B005-4A67-820B-4A6E68DDA503}.TestFolder|x64.Build.0 = Debug|Any CPU
		{49939655-B005-4A67-820B-4A6E68DDA503}.TestFolder|x86.ActiveCfg = Debug|Any CPU
		{49939655-B005-4A67-820B-4A6E68DDA503}.TestFolder|x86.Build.0 = Debug|Any CPU
	EndGlobalSection
	GlobalSection(SolutionProperties) = preSolution
		HideSolutionNode = FALSE
	EndGlobalSection
	GlobalSection(ExtensibilityGlobals) = postSolution
		SolutionGuid = {F17EC986-19A8-4911-B5BA-D2ABEB6C6E19}
	EndGlobalSection
EndGlobal
